// !$*UTF8*$!
{
	archiveVersion = 1;
	classes = {
	};
	objectVersion = 56;
	objects = {

/* Begin PBXBuildFile section */
		8C0E75EF2AFE89FF00ACE045 /* Pause_AppApp.swift in Sources */ = {isa = PBXBuildFile; fileRef = 8C0E75EE2AFE89FF00ACE045 /* Pause_AppApp.swift */; };
		8C0E75F12AFE89FF00ACE045 /* MainView.swift in Sources */ = {isa = PBXBuildFile; fileRef = 8C0E75F02AFE89FF00ACE045 /* MainView.swift */; };
		8C0E75F32AFE8A0100ACE045 /* Assets.xcassets in Resources */ = {isa = PBXBuildFile; fileRef = 8C0E75F22AFE8A0100ACE045 /* Assets.xcassets */; };
		8C0E75F72AFE8A0100ACE045 /* Preview Assets.xcassets in Resources */ = {isa = PBXBuildFile; fileRef = 8C0E75F62AFE8A0100ACE045 /* Preview Assets.xcassets */; };
		8C0E75FF2AFE9DED00ACE045 /* BackgroundView.swift in Sources */ = {isa = PBXBuildFile; fileRef = 8C0E75FE2AFE9DED00ACE045 /* BackgroundView.swift */; };
		8C0E76022AFEAA8A00ACE045 /* TextConstants.swift in Sources */ = {isa = PBXBuildFile; fileRef = 8C0E76012AFEAA8A00ACE045 /* TextConstants.swift */; };
		8C0E76042AFEAB5B00ACE045 /* TextView.swift in Sources */ = {isa = PBXBuildFile; fileRef = 8C0E76032AFEAB5B00ACE045 /* TextView.swift */; };
		8C0E76092AFEB35000ACE045 /* ImageConstants.swift in Sources */ = {isa = PBXBuildFile; fileRef = 8C0E76082AFEB35000ACE045 /* ImageConstants.swift */; };
		8C0E760B2AFEB5E800ACE045 /* ImageView.swift in Sources */ = {isa = PBXBuildFile; fileRef = 8C0E760A2AFEB5E800ACE045 /* ImageView.swift */; };
		8C0E760D2AFEB7C900ACE045 /* Localizable.xcstrings in Resources */ = {isa = PBXBuildFile; fileRef = 8C0E760C2AFEB7C900ACE045 /* Localizable.xcstrings */; };
		8C0E760F2AFEBC8800ACE045 /* PortraitModeView.swift in Sources */ = {isa = PBXBuildFile; fileRef = 8C0E760E2AFEBC8800ACE045 /* PortraitModeView.swift */; };
		8C0E76112AFEBCA500ACE045 /* LandscapeModeView.swift in Sources */ = {isa = PBXBuildFile; fileRef = 8C0E76102AFEBCA500ACE045 /* LandscapeModeView.swift */; };
		8C70C3022AFEC89F006C8AB2 /* LanguageOptionsView.swift in Sources */ = {isa = PBXBuildFile; fileRef = 8C70C3012AFEC89F006C8AB2 /* LanguageOptionsView.swift */; };
		8C70C3042AFED672006C8AB2 /* SizeConstants.swift in Sources */ = {isa = PBXBuildFile; fileRef = 8C70C3032AFED672006C8AB2 /* SizeConstants.swift */; };
/* End PBXBuildFile section */

/* Begin PBXFileReference section */
		8C0E75EB2AFE89FF00ACE045 /* Pause_App.app */ = {isa = PBXFileReference; explicitFileType = wrapper.application; includeInIndex = 0; path = Pause_App.app; sourceTree = BUILT_PRODUCTS_DIR; };
		8C0E75EE2AFE89FF00ACE045 /* Pause_AppApp.swift */ = {isa = PBXFileReference; lastKnownFileType = sourcecode.swift; path = Pause_AppApp.swift; sourceTree = "<group>"; };
		8C0E75F02AFE89FF00ACE045 /* MainView.swift */ = {isa = PBXFileReference; lastKnownFileType = sourcecode.swift; path = MainView.swift; sourceTree = "<group>"; };
		8C0E75F22AFE8A0100ACE045 /* Assets.xcassets */ = {isa = PBXFileReference; lastKnownFileType = folder.assetcatalog; path = Assets.xcassets; sourceTree = "<group>"; };
		8C0E75F42AFE8A0100ACE045 /* Pause_App.entitlements */ = {isa = PBXFileReference; lastKnownFileType = text.plist.entitlements; path = Pause_App.entitlements; sourceTree = "<group>"; };
		8C0E75F62AFE8A0100ACE045 /* Preview Assets.xcassets */ = {isa = PBXFileReference; lastKnownFileType = folder.assetcatalog; path = "Preview Assets.xcassets"; sourceTree = "<group>"; };
		8C0E75FE2AFE9DED00ACE045 /* BackgroundView.swift */ = {isa = PBXFileReference; lastKnownFileType = sourcecode.swift; path = BackgroundView.swift; sourceTree = "<group>"; };
		8C0E76012AFEAA8A00ACE045 /* TextConstants.swift */ = {isa = PBXFileReference; lastKnownFileType = sourcecode.swift; path = TextConstants.swift; sourceTree = "<group>"; };
		8C0E76032AFEAB5B00ACE045 /* TextView.swift */ = {isa = PBXFileReference; lastKnownFileType = sourcecode.swift; path = TextView.swift; sourceTree = "<group>"; };
		8C0E76082AFEB35000ACE045 /* ImageConstants.swift */ = {isa = PBXFileReference; lastKnownFileType = sourcecode.swift; path = ImageConstants.swift; sourceTree = "<group>"; };
		8C0E760A2AFEB5E800ACE045 /* ImageView.swift */ = {isa = PBXFileReference; lastKnownFileType = sourcecode.swift; path = ImageView.swift; sourceTree = "<group>"; };
		8C0E760C2AFEB7C900ACE045 /* Localizable.xcstrings */ = {isa = PBXFileReference; lastKnownFileType = text.json.xcstrings; path = Localizable.xcstrings; sourceTree = "<group>"; };
		8C0E760E2AFEBC8800ACE045 /* PortraitModeView.swift */ = {isa = PBXFileReference; lastKnownFileType = sourcecode.swift; path = PortraitModeView.swift; sourceTree = "<group>"; };
		8C0E76102AFEBCA500ACE045 /* LandscapeModeView.swift */ = {isa = PBXFileReference; lastKnownFileType = sourcecode.swift; path = LandscapeModeView.swift; sourceTree = "<group>"; };
		8C70C3012AFEC89F006C8AB2 /* LanguageOptionsView.swift */ = {isa = PBXFileReference; lastKnownFileType = sourcecode.swift; path = LanguageOptionsView.swift; sourceTree = "<group>"; };
		8C70C3032AFED672006C8AB2 /* SizeConstants.swift */ = {isa = PBXFileReference; lastKnownFileType = sourcecode.swift; path = SizeConstants.swift; sourceTree = "<group>"; };
/* End PBXFileReference section */

/* Begin PBXFrameworksBuildPhase section */
		8C0E75E82AFE89FF00ACE045 /* Frameworks */ = {
			isa = PBXFrameworksBuildPhase;
			buildActionMask = 2147483647;
			files = (
			);
			runOnlyForDeploymentPostprocessing = 0;
		};
/* End PBXFrameworksBuildPhase section */

/* Begin PBXGroup section */
		8C0E75E22AFE89FF00ACE045 = {
			isa = PBXGroup;
			children = (
				8C0E75ED2AFE89FF00ACE045 /* Pause_App */,
				8C0E75EC2AFE89FF00ACE045 /* Products */,
			);
			sourceTree = "<group>";
		};
		8C0E75EC2AFE89FF00ACE045 /* Products */ = {
			isa = PBXGroup;
			children = (
				8C0E75EB2AFE89FF00ACE045 /* Pause_App.app */,
			);
			name = Products;
			sourceTree = "<group>";
		};
		8C0E75ED2AFE89FF00ACE045 /* Pause_App */ = {
			isa = PBXGroup;
			children = (
				8C0E76002AFEAA6E00ACE045 /* Constants */,
				8C0E75FD2AFE8ADD00ACE045 /* View */,
				8C0E75EE2AFE89FF00ACE045 /* Pause_AppApp.swift */,
				8C0E75F02AFE89FF00ACE045 /* MainView.swift */,
				8C0E760C2AFEB7C900ACE045 /* Localizable.xcstrings */,
				8C0E75F22AFE8A0100ACE045 /* Assets.xcassets */,
				8C0E75F42AFE8A0100ACE045 /* Pause_App.entitlements */,
				8C0E75F52AFE8A0100ACE045 /* Preview Content */,
			);
			path = Pause_App;
			sourceTree = "<group>";
		};
		8C0E75F52AFE8A0100ACE045 /* Preview Content */ = {
			isa = PBXGroup;
			children = (
				8C0E75F62AFE8A0100ACE045 /* Preview Assets.xcassets */,
			);
			path = "Preview Content";
			sourceTree = "<group>";
		};
		8C0E75FD2AFE8ADD00ACE045 /* View */ = {
			isa = PBXGroup;
			children = (
				8C70C3012AFEC89F006C8AB2 /* LanguageOptionsView.swift */,
				8C0E76032AFEAB5B00ACE045 /* TextView.swift */,
				8C0E75FE2AFE9DED00ACE045 /* BackgroundView.swift */,
				8C0E760A2AFEB5E800ACE045 /* ImageView.swift */,
				8C0E760E2AFEBC8800ACE045 /* PortraitModeView.swift */,
				8C0E76102AFEBCA500ACE045 /* LandscapeModeView.swift */,
			);
			path = View;
			sourceTree = "<group>";
		};
		8C0E76002AFEAA6E00ACE045 /* Constants */ = {
			isa = PBXGroup;
			children = (
				8C0E76012AFEAA8A00ACE045 /* TextConstants.swift */,
				8C0E76082AFEB35000ACE045 /* ImageConstants.swift */,
				8C70C3032AFED672006C8AB2 /* SizeConstants.swift */,
			);
			path = Constants;
			sourceTree = "<group>";
		};
/* End PBXGroup section */

/* Begin PBXNativeTarget section */
		8C0E75EA2AFE89FF00ACE045 /* Pause_App */ = {
			isa = PBXNativeTarget;
			buildConfigurationList = 8C0E75FA2AFE8A0100ACE045 /* Build configuration list for PBXNativeTarget "Pause_App" */;
			buildPhases = (
				8C0E75E72AFE89FF00ACE045 /* Sources */,
				8C0E75E82AFE89FF00ACE045 /* Frameworks */,
				8C0E75E92AFE89FF00ACE045 /* Resources */,
			);
			buildRules = (
			);
			dependencies = (
			);
			name = Pause_App;
			productName = Pause_App;
			productReference = 8C0E75EB2AFE89FF00ACE045 /* Pause_App.app */;
			productType = "com.apple.product-type.application";
		};
/* End PBXNativeTarget section */

/* Begin PBXProject section */
		8C0E75E32AFE89FF00ACE045 /* Project object */ = {
			isa = PBXProject;
			attributes = {
				BuildIndependentTargetsInParallel = 1;
				LastSwiftUpdateCheck = 1500;
				LastUpgradeCheck = 1500;
				TargetAttributes = {
					8C0E75EA2AFE89FF00ACE045 = {
						CreatedOnToolsVersion = 15.0;
					};
				};
			};
			buildConfigurationList = 8C0E75E62AFE89FF00ACE045 /* Build configuration list for PBXProject "Pause_App" */;
			compatibilityVersion = "Xcode 14.0";
			developmentRegion = en;
			hasScannedForEncodings = 0;
			knownRegions = (
				en,
				Base,
				ru,
				pl,
				uk,
				be,
			);
			mainGroup = 8C0E75E22AFE89FF00ACE045;
			productRefGroup = 8C0E75EC2AFE89FF00ACE045 /* Products */;
			projectDirPath = "";
			projectRoot = "";
			targets = (
				8C0E75EA2AFE89FF00ACE045 /* Pause_App */,
			);
		};
/* End PBXProject section */

/* Begin PBXResourcesBuildPhase section */
		8C0E75E92AFE89FF00ACE045 /* Resources */ = {
			isa = PBXResourcesBuildPhase;
			buildActionMask = 2147483647;
			files = (
				8C0E75F72AFE8A0100ACE045 /* Preview Assets.xcassets in Resources */,
				8C0E75F32AFE8A0100ACE045 /* Assets.xcassets in Resources */,
				8C0E760D2AFEB7C900ACE045 /* Localizable.xcstrings in Resources */,
			);
			runOnlyForDeploymentPostprocessing = 0;
		};
/* End PBXResourcesBuildPhase section */

/* Begin PBXSourcesBuildPhase section */
		8C0E75E72AFE89FF00ACE045 /* Sources */ = {
			isa = PBXSourcesBuildPhase;
			buildActionMask = 2147483647;
			files = (
				8C0E76022AFEAA8A00ACE045 /* TextConstants.swift in Sources */,
				8C0E76092AFEB35000ACE045 /* ImageConstants.swift in Sources */,
				8C70C3042AFED672006C8AB2 /* SizeConstants.swift in Sources */,
				8C0E75FF2AFE9DED00ACE045 /* BackgroundView.swift in Sources */,
				8C70C3022AFEC89F006C8AB2 /* LanguageOptionsView.swift in Sources */,
				8C0E75F12AFE89FF00ACE045 /* MainView.swift in Sources */,
				8C0E75EF2AFE89FF00ACE045 /* Pause_AppApp.swift in Sources */,
				8C0E760B2AFEB5E800ACE045 /* ImageView.swift in Sources */,
				8C0E76112AFEBCA500ACE045 /* LandscapeModeView.swift in Sources */,
				8C0E760F2AFEBC8800ACE045 /* PortraitModeView.swift in Sources */,
				8C0E76042AFEAB5B00ACE045 /* TextView.swift in Sources */,
			);
			runOnlyForDeploymentPostprocessing = 0;
		};
/* End PBXSourcesBuildPhase section */

/* Begin XCBuildConfiguration section */
		8C0E75F82AFE8A0100ACE045 /* Debug */ = {
			isa = XCBuildConfiguration;
			buildSettings = {
				ALWAYS_SEARCH_USER_PATHS = NO;
				ASSETCATALOG_COMPILER_GENERATE_SWIFT_ASSET_SYMBOL_EXTENSIONS = YES;
				CLANG_ANALYZER_NONNULL = YES;
				CLANG_ANALYZER_NUMBER_OBJECT_CONVERSION = YES_AGGRESSIVE;
				CLANG_CXX_LANGUAGE_STANDARD = "gnu++20";
				CLANG_ENABLE_MODULES = YES;
				CLANG_ENABLE_OBJC_ARC = YES;
				CLANG_ENABLE_OBJC_WEAK = YES;
				CLANG_WARN_BLOCK_CAPTURE_AUTORELEASING = YES;
				CLANG_WARN_BOOL_CONVERSION = YES;
				CLANG_WARN_COMMA = YES;
				CLANG_WARN_CONSTANT_CONVERSION = YES;
				CLANG_WARN_DEPRECATED_OBJC_IMPLEMENTATIONS = YES;
				CLANG_WARN_DIRECT_OBJC_ISA_USAGE = YES_ERROR;
				CLANG_WARN_DOCUMENTATION_COMMENTS = YES;
				CLANG_WARN_EMPTY_BODY = YES;
				CLANG_WARN_ENUM_CONVERSION = YES;
				CLANG_WARN_INFINITE_RECURSION = YES;
				CLANG_WARN_INT_CONVERSION = YES;
				CLANG_WARN_NON_LITERAL_NULL_CONVERSION = YES;
				CLANG_WARN_OBJC_IMPLICIT_RETAIN_SELF = YES;
				CLANG_WARN_OBJC_LITERAL_CONVERSION = YES;
				CLANG_WARN_OBJC_ROOT_CLASS = YES_ERROR;
				CLANG_WARN_QUOTED_INCLUDE_IN_FRAMEWORK_HEADER = YES;
				CLANG_WARN_RANGE_LOOP_ANALYSIS = YES;
				CLANG_WARN_STRICT_PROTOTYPES = YES;
				CLANG_WARN_SUSPICIOUS_MOVE = YES;
				CLANG_WARN_UNGUARDED_AVAILABILITY = YES_AGGRESSIVE;
				CLANG_WARN_UNREACHABLE_CODE = YES;
				CLANG_WARN__DUPLICATE_METHOD_MATCH = YES;
				COPY_PHASE_STRIP = NO;
				DEBUG_INFORMATION_FORMAT = dwarf;
				ENABLE_STRICT_OBJC_MSGSEND = YES;
				ENABLE_TESTABILITY = YES;
				ENABLE_USER_SCRIPT_SANDBOXING = YES;
				GCC_C_LANGUAGE_STANDARD = gnu17;
				GCC_DYNAMIC_NO_PIC = NO;
				GCC_NO_COMMON_BLOCKS = YES;
				GCC_OPTIMIZATION_LEVEL = 0;
				GCC_PREPROCESSOR_DEFINITIONS = (
					"DEBUG=1",
					"$(inherited)",
				);
				GCC_WARN_64_TO_32_BIT_CONVERSION = YES;
				GCC_WARN_ABOUT_RETURN_TYPE = YES_ERROR;
				GCC_WARN_UNDECLARED_SELECTOR = YES;
				GCC_WARN_UNINITIALIZED_AUTOS = YES_AGGRESSIVE;
				GCC_WARN_UNUSED_FUNCTION = YES;
				GCC_WARN_UNUSED_VARIABLE = YES;
				LOCALIZATION_PREFERS_STRING_CATALOGS = YES;
				MTL_ENABLE_DEBUG_INFO = INCLUDE_SOURCE;
				MTL_FAST_MATH = YES;
				ONLY_ACTIVE_ARCH = YES;
				SWIFT_ACTIVE_COMPILATION_CONDITIONS = "DEBUG $(inherited)";
				SWIFT_OPTIMIZATION_LEVEL = "-Onone";
			};
			name = Debug;
		};
		8C0E75F92AFE8A0100ACE045 /* Release */ = {
			isa = XCBuildConfiguration;
			buildSettings = {
				ALWAYS_SEARCH_USER_PATHS = NO;
				ASSETCATALOG_COMPILER_GENERATE_SWIFT_ASSET_SYMBOL_EXTENSIONS = YES;
				CLANG_ANALYZER_NONNULL = YES;
				CLANG_ANALYZER_NUMBER_OBJECT_CONVERSION = YES_AGGRESSIVE;
				CLANG_CXX_LANGUAGE_STANDARD = "gnu++20";
				CLANG_ENABLE_MODULES = YES;
				CLANG_ENABLE_OBJC_ARC = YES;
				CLANG_ENABLE_OBJC_WEAK = YES;
				CLANG_WARN_BLOCK_CAPTURE_AUTORELEASING = YES;
				CLANG_WARN_BOOL_CONVERSION = YES;
				CLANG_WARN_COMMA = YES;
				CLANG_WARN_CONSTANT_CONVERSION = YES;
				CLANG_WARN_DEPRECATED_OBJC_IMPLEMENTATIONS = YES;
				CLANG_WARN_DIRECT_OBJC_ISA_USAGE = YES_ERROR;
				CLANG_WARN_DOCUMENTATION_COMMENTS = YES;
				CLANG_WARN_EMPTY_BODY = YES;
				CLANG_WARN_ENUM_CONVERSION = YES;
				CLANG_WARN_INFINITE_RECURSION = YES;
				CLANG_WARN_INT_CONVERSION = YES;
				CLANG_WARN_NON_LITERAL_NULL_CONVERSION = YES;
				CLANG_WARN_OBJC_IMPLICIT_RETAIN_SELF = YES;
				CLANG_WARN_OBJC_LITERAL_CONVERSION = YES;
				CLANG_WARN_OBJC_ROOT_CLASS = YES_ERROR;
				CLANG_WARN_QUOTED_INCLUDE_IN_FRAMEWORK_HEADER = YES;
				CLANG_WARN_RANGE_LOOP_ANALYSIS = YES;
				CLANG_WARN_STRICT_PROTOTYPES = YES;
				CLANG_WARN_SUSPICIOUS_MOVE = YES;
				CLANG_WARN_UNGUARDED_AVAILABILITY = YES_AGGRESSIVE;
				CLANG_WARN_UNREACHABLE_CODE = YES;
				CLANG_WARN__DUPLICATE_METHOD_MATCH = YES;
				COPY_PHASE_STRIP = NO;
				DEBUG_INFORMATION_FORMAT = "dwarf-with-dsym";
				ENABLE_NS_ASSERTIONS = NO;
				ENABLE_STRICT_OBJC_MSGSEND = YES;
				ENABLE_USER_SCRIPT_SANDBOXING = YES;
				GCC_C_LANGUAGE_STANDARD = gnu17;
				GCC_NO_COMMON_BLOCKS = YES;
				GCC_WARN_64_TO_32_BIT_CONVERSION = YES;
				GCC_WARN_ABOUT_RETURN_TYPE = YES_ERROR;
				GCC_WARN_UNDECLARED_SELECTOR = YES;
				GCC_WARN_UNINITIALIZED_AUTOS = YES_AGGRESSIVE;
				GCC_WARN_UNUSED_FUNCTION = YES;
				GCC_WARN_UNUSED_VARIABLE = YES;
				LOCALIZATION_PREFERS_STRING_CATALOGS = YES;
				MTL_ENABLE_DEBUG_INFO = NO;
				MTL_FAST_MATH = YES;
				SWIFT_COMPILATION_MODE = wholemodule;
			};
			name = Release;
		};
		8C0E75FB2AFE8A0100ACE045 /* Debug */ = {
			isa = XCBuildConfiguration;
			buildSettings = {
				ASSETCATALOG_COMPILER_APPICON_NAME = AppIcon;
				ASSETCATALOG_COMPILER_GLOBAL_ACCENT_COLOR_NAME = AccentColor;
				CODE_SIGN_ENTITLEMENTS = Pause_App/Pause_App.entitlements;
				CODE_SIGN_STYLE = Automatic;
				CURRENT_PROJECT_VERSION = 1;
				DEVELOPMENT_ASSET_PATHS = "\"Pause_App/Preview Content\"";
				DEVELOPMENT_TEAM = DD3P835Y9D;
				ENABLE_HARDENED_RUNTIME = YES;
				ENABLE_PREVIEWS = YES;
				GENERATE_INFOPLIST_FILE = YES;
				"INFOPLIST_KEY_UIApplicationSceneManifest_Generation[sdk=iphoneos*]" = YES;
				"INFOPLIST_KEY_UIApplicationSceneManifest_Generation[sdk=iphonesimulator*]" = YES;
				"INFOPLIST_KEY_UIApplicationSupportsIndirectInputEvents[sdk=iphoneos*]" = YES;
				"INFOPLIST_KEY_UIApplicationSupportsIndirectInputEvents[sdk=iphonesimulator*]" = YES;
				"INFOPLIST_KEY_UILaunchScreen_Generation[sdk=iphoneos*]" = YES;
				"INFOPLIST_KEY_UILaunchScreen_Generation[sdk=iphonesimulator*]" = YES;
				"INFOPLIST_KEY_UIStatusBarStyle[sdk=iphoneos*]" = UIStatusBarStyleDefault;
				"INFOPLIST_KEY_UIStatusBarStyle[sdk=iphonesimulator*]" = UIStatusBarStyleDefault;
				INFOPLIST_KEY_UISupportedInterfaceOrientations_iPad = "UIInterfaceOrientationPortrait UIInterfaceOrientationPortraitUpsideDown UIInterfaceOrientationLandscapeLeft UIInterfaceOrientationLandscapeRight";
				INFOPLIST_KEY_UISupportedInterfaceOrientations_iPhone = "UIInterfaceOrientationPortrait UIInterfaceOrientationLandscapeLeft UIInterfaceOrientationLandscapeRight";
				IPHONEOS_DEPLOYMENT_TARGET = 17.0;
				LD_RUNPATH_SEARCH_PATHS = "@executable_path/Frameworks";
				"LD_RUNPATH_SEARCH_PATHS[sdk=macosx*]" = "@executable_path/../Frameworks";
				MACOSX_DEPLOYMENT_TARGET = 14.0;
				MARKETING_VERSION = 1.0;
				PRODUCT_BUNDLE_IDENTIFIER = "com.aldnur.Pause-App";
				PRODUCT_NAME = "$(TARGET_NAME)";
				SDKROOT = auto;
				SUPPORTED_PLATFORMS = "iphoneos iphonesimulator";
				SUPPORTS_MACCATALYST = NO;
				SWIFT_EMIT_LOC_STRINGS = YES;
				SWIFT_VERSION = 5.0;
				TARGETED_DEVICE_FAMILY = "1,2";
			};
			name = Debug;
		};
		8C0E75FC2AFE8A0100ACE045 /* Release */ = {
			isa = XCBuildConfiguration;
			buildSettings = {
				ASSETCATALOG_COMPILER_APPICON_NAME = AppIcon;
				ASSETCATALOG_COMPILER_GLOBAL_ACCENT_COLOR_NAME = AccentColor;
				CODE_SIGN_ENTITLEMENTS = Pause_App/Pause_App.entitlements;
				CODE_SIGN_STYLE = Automatic;
				CURRENT_PROJECT_VERSION = 1;
				DEVELOPMENT_ASSET_PATHS = "\"Pause_App/Preview Content\"";
				DEVELOPMENT_TEAM = DD3P835Y9D;
				ENABLE_HARDENED_RUNTIME = YES;
				ENABLE_PREVIEWS = YES;
				GENERATE_INFOPLIST_FILE = YES;
				"INFOPLIST_KEY_UIApplicationSceneManifest_Generation[sdk=iphoneos*]" = YES;
				"INFOPLIST_KEY_UIApplicationSceneManifest_Generation[sdk=iphonesimulator*]" = YES;
				"INFOPLIST_KEY_UIApplicationSupportsIndirectInputEvents[sdk=iphoneos*]" = YES;
				"INFOPLIST_KEY_UIApplicationSupportsIndirectInputEvents[sdk=iphonesimulator*]" = YES;
				"INFOPLIST_KEY_UILaunchScreen_Generation[sdk=iphoneos*]" = YES;
				"INFOPLIST_KEY_UILaunchScreen_Generation[sdk=iphonesimulator*]" = YES;
				"INFOPLIST_KEY_UIStatusBarStyle[sdk=iphoneos*]" = UIStatusBarStyleDefault;
				"INFOPLIST_KEY_UIStatusBarStyle[sdk=iphonesimulator*]" = UIStatusBarStyleDefault;
				INFOPLIST_KEY_UISupportedInterfaceOrientations_iPad = "UIInterfaceOrientationPortrait UIInterfaceOrientationPortraitUpsideDown UIInterfaceOrientationLandscapeLeft UIInterfaceOrientationLandscapeRight";
				INFOPLIST_KEY_UISupportedInterfaceOrientations_iPhone = "UIInterfaceOrientationPortrait UIInterfaceOrientationLandscapeLeft UIInterfaceOrientationLandscapeRight";
				IPHONEOS_DEPLOYMENT_TARGET = 17.0;
				LD_RUNPATH_SEARCH_PATHS = "@executable_path/Frameworks";
				"LD_RUNPATH_SEARCH_PATHS[sdk=macosx*]" = "@executable_path/../Frameworks";
				MACOSX_DEPLOYMENT_TARGET = 14.0;
				MARKETING_VERSION = 1.0;
				PRODUCT_BUNDLE_IDENTIFIER = "com.aldnur.Pause-App";
				PRODUCT_NAME = "$(TARGET_NAME)";
				SDKROOT = auto;
				SUPPORTED_PLATFORMS = "iphoneos iphonesimulator";
				SUPPORTS_MACCATALYST = NO;
				SWIFT_EMIT_LOC_STRINGS = YES;
				SWIFT_VERSION = 5.0;
				TARGETED_DEVICE_FAMILY = "1,2";
			};
			name = Release;
		};
/* End XCBuildConfiguration section */

/* Begin XCConfigurationList section */
		8C0E75E62AFE89FF00ACE045 /* Build configuration list for PBXProject "Pause_App" */ = {
			isa = XCConfigurationList;
			buildConfigurations = (
				8C0E75F82AFE8A0100ACE045 /* Debug */,
				8C0E75F92AFE8A0100ACE045 /* Release */,
			);
			defaultConfigurationIsVisible = 0;
			defaultConfigurationName = Release;
		};
		8C0E75FA2AFE8A0100ACE045 /* Build configuration list for PBXNativeTarget "Pause_App" */ = {
			isa = XCConfigurationList;
			buildConfigurations = (
				8C0E75FB2AFE8A0100ACE045 /* Debug */,
				8C0E75FC2AFE8A0100ACE045 /* Release */,
			);
			defaultConfigurationIsVisible = 0;
			defaultConfigurationName = Release;
		};
/* End XCConfigurationList section */
	};
	rootObject = 8C0E75E32AFE89FF00ACE045 /* Project object */;
}
